// !$*UTF8*$!
{
	archiveVersion = 1;
	classes = {
	};
	objectVersion = 56;
	objects = {

/* Begin PBXBuildFile section */
		50EEDEFDCFB1E190053541C2 /* Pods_ShopApp.framework in Frameworks */ = {isa = PBXBuildFile; fileRef = F347D84B91EB79F4A594DE0B /* Pods_ShopApp.framework */; };
		63856F8F2BBD2F9800969D07 /* AppDelegate.swift in Sources */ = {isa = PBXBuildFile; fileRef = 63856F8E2BBD2F9800969D07 /* AppDelegate.swift */; };
		63856F912BBD2F9800969D07 /* SceneDelegate.swift in Sources */ = {isa = PBXBuildFile; fileRef = 63856F902BBD2F9800969D07 /* SceneDelegate.swift */; };
		63856F932BBD2F9800969D07 /* EntranceViewController.swift in Sources */ = {isa = PBXBuildFile; fileRef = 63856F922BBD2F9800969D07 /* EntranceViewController.swift */; };
		63856F982BBD2F9A00969D07 /* Assets.xcassets in Resources */ = {isa = PBXBuildFile; fileRef = 63856F972BBD2F9A00969D07 /* Assets.xcassets */; };
		63856F9B2BBD2F9A00969D07 /* LaunchScreen.storyboard in Resources */ = {isa = PBXBuildFile; fileRef = 63856F992BBD2F9A00969D07 /* LaunchScreen.storyboard */; };
		63856FA62BBD34B100969D07 /* EntranceController.swift in Sources */ = {isa = PBXBuildFile; fileRef = 63856FA52BBD34B100969D07 /* EntranceController.swift */; };
		63856FA82BBD34C800969D07 /* EntranceModel.swift in Sources */ = {isa = PBXBuildFile; fileRef = 63856FA72BBD34C800969D07 /* EntranceModel.swift */; };
		63856FAC2BBD353000969D07 /* PhoneControllerView.swift in Sources */ = {isa = PBXBuildFile; fileRef = 63856FAB2BBD353000969D07 /* PhoneControllerView.swift */; };
		63856FAE2BBD356400969D07 /* PhoneController.swift in Sources */ = {isa = PBXBuildFile; fileRef = 63856FAD2BBD356300969D07 /* PhoneController.swift */; };
		63856FB02BBD357A00969D07 /* PhoneModel.swift in Sources */ = {isa = PBXBuildFile; fileRef = 63856FAF2BBD357A00969D07 /* PhoneModel.swift */; };
		63856FB32BBD361C00969D07 /* MajorViewController.swift in Sources */ = {isa = PBXBuildFile; fileRef = 63856FB22BBD361C00969D07 /* MajorViewController.swift */; };
		63856FB52BBD365900969D07 /* MajorController.swift in Sources */ = {isa = PBXBuildFile; fileRef = 63856FB42BBD365900969D07 /* MajorController.swift */; };
		63856FB72BBD366600969D07 /* MajorModel.swift in Sources */ = {isa = PBXBuildFile; fileRef = 63856FB62BBD366600969D07 /* MajorModel.swift */; };
		63856FBA2BBD37AA00969D07 /* CustomUIColor.swift in Sources */ = {isa = PBXBuildFile; fileRef = 63856FB92BBD37AA00969D07 /* CustomUIColor.swift */; };
		63856FBE2BBD4CEF00969D07 /* Struck.swift in Sources */ = {isa = PBXBuildFile; fileRef = 63856FBD2BBD4CEF00969D07 /* Struck.swift */; };
		63856FC42BBD6BDD00969D07 /* CustomTableViewCell.swift in Sources */ = {isa = PBXBuildFile; fileRef = 63856FC32BBD6BDD00969D07 /* CustomTableViewCell.swift */; };
		63856FC62BBE719200969D07 /* CustomCollectionViewCell.swift in Sources */ = {isa = PBXBuildFile; fileRef = 63856FC52BBE719200969D07 /* CustomCollectionViewCell.swift */; };
		63856FC92BBEADC300969D07 /* PlusButton.swift in Sources */ = {isa = PBXBuildFile; fileRef = 63856FC82BBEADC300969D07 /* PlusButton.swift */; };
		63856FCC2BBEAFD400969D07 /* CustomTabBarController.swift in Sources */ = {isa = PBXBuildFile; fileRef = 63856FCB2BBEAFD400969D07 /* CustomTabBarController.swift */; };
		63856FCE2BBEB01500969D07 /* CustomTabBar.swift in Sources */ = {isa = PBXBuildFile; fileRef = 63856FCD2BBEB01500969D07 /* CustomTabBar.swift */; };
		63856FD32BBEDA7800969D07 /* BagVC.swift in Sources */ = {isa = PBXBuildFile; fileRef = 63856FD22BBEDA7800969D07 /* BagVC.swift */; };
		63856FD62BBEDAD100969D07 /* ProfileVC.swift in Sources */ = {isa = PBXBuildFile; fileRef = 63856FD52BBEDAD100969D07 /* ProfileVC.swift */; };
		63856FD92BBEDD7500969D07 /* CompassVC.swift in Sources */ = {isa = PBXBuildFile; fileRef = 63856FD82BBEDD7500969D07 /* CompassVC.swift */; };
		63856FDB2BBFA55A00969D07 /* BagController.swift in Sources */ = {isa = PBXBuildFile; fileRef = 63856FDA2BBFA55A00969D07 /* BagController.swift */; };
		63856FDD2BBFA58700969D07 /* BagModel.swift in Sources */ = {isa = PBXBuildFile; fileRef = 63856FDC2BBFA58700969D07 /* BagModel.swift */; };
		63856FDF2BBFA9C400969D07 /* CompassController.swift in Sources */ = {isa = PBXBuildFile; fileRef = 63856FDE2BBFA9C400969D07 /* CompassController.swift */; };
		63856FE12BBFA9E400969D07 /* CompassModel.swift in Sources */ = {isa = PBXBuildFile; fileRef = 63856FE02BBFA9E400969D07 /* CompassModel.swift */; };
		63856FE32BBFAA1300969D07 /* ProfileController.swift in Sources */ = {isa = PBXBuildFile; fileRef = 63856FE22BBFAA1300969D07 /* ProfileController.swift */; };
		63856FE52BBFAA3700969D07 /* ProfileModel.swift in Sources */ = {isa = PBXBuildFile; fileRef = 63856FE42BBFAA3700969D07 /* ProfileModel.swift */; };
/* End PBXBuildFile section */

/* Begin PBXFileReference section */
		63856F8B2BBD2F9800969D07 /* ShopApp.app */ = {isa = PBXFileReference; explicitFileType = wrapper.application; includeInIndex = 0; path = ShopApp.app; sourceTree = BUILT_PRODUCTS_DIR; };
		63856F8E2BBD2F9800969D07 /* AppDelegate.swift */ = {isa = PBXFileReference; lastKnownFileType = sourcecode.swift; path = AppDelegate.swift; sourceTree = "<group>"; };
		63856F902BBD2F9800969D07 /* SceneDelegate.swift */ = {isa = PBXFileReference; lastKnownFileType = sourcecode.swift; path = SceneDelegate.swift; sourceTree = "<group>"; };
		63856F922BBD2F9800969D07 /* EntranceViewController.swift */ = {isa = PBXFileReference; lastKnownFileType = sourcecode.swift; path = EntranceViewController.swift; sourceTree = "<group>"; };
		63856F972BBD2F9A00969D07 /* Assets.xcassets */ = {isa = PBXFileReference; lastKnownFileType = folder.assetcatalog; path = Assets.xcassets; sourceTree = "<group>"; };
		63856F9A2BBD2F9A00969D07 /* Base */ = {isa = PBXFileReference; lastKnownFileType = file.storyboard; name = Base; path = Base.lproj/LaunchScreen.storyboard; sourceTree = "<group>"; };
		63856F9C2BBD2F9A00969D07 /* Info.plist */ = {isa = PBXFileReference; lastKnownFileType = text.plist.xml; path = Info.plist; sourceTree = "<group>"; };
		63856FA52BBD34B100969D07 /* EntranceController.swift */ = {isa = PBXFileReference; lastKnownFileType = sourcecode.swift; path = EntranceController.swift; sourceTree = "<group>"; };
		63856FA72BBD34C800969D07 /* EntranceModel.swift */ = {isa = PBXFileReference; lastKnownFileType = sourcecode.swift; path = EntranceModel.swift; sourceTree = "<group>"; };
		63856FAB2BBD353000969D07 /* PhoneControllerView.swift */ = {isa = PBXFileReference; lastKnownFileType = sourcecode.swift; path = PhoneControllerView.swift; sourceTree = "<group>"; };
		63856FAD2BBD356300969D07 /* PhoneController.swift */ = {isa = PBXFileReference; lastKnownFileType = sourcecode.swift; path = PhoneController.swift; sourceTree = "<group>"; };
		63856FAF2BBD357A00969D07 /* PhoneModel.swift */ = {isa = PBXFileReference; lastKnownFileType = sourcecode.swift; path = PhoneModel.swift; sourceTree = "<group>"; };
		63856FB22BBD361C00969D07 /* MajorViewController.swift */ = {isa = PBXFileReference; lastKnownFileType = sourcecode.swift; path = MajorViewController.swift; sourceTree = "<group>"; };
		63856FB42BBD365900969D07 /* MajorController.swift */ = {isa = PBXFileReference; lastKnownFileType = sourcecode.swift; path = MajorController.swift; sourceTree = "<group>"; };
		63856FB62BBD366600969D07 /* MajorModel.swift */ = {isa = PBXFileReference; lastKnownFileType = sourcecode.swift; path = MajorModel.swift; sourceTree = "<group>"; };
		63856FB92BBD37AA00969D07 /* CustomUIColor.swift */ = {isa = PBXFileReference; lastKnownFileType = sourcecode.swift; path = CustomUIColor.swift; sourceTree = "<group>"; };
		63856FBD2BBD4CEF00969D07 /* Struck.swift */ = {isa = PBXFileReference; lastKnownFileType = sourcecode.swift; path = Struck.swift; sourceTree = "<group>"; };
		63856FC32BBD6BDD00969D07 /* CustomTableViewCell.swift */ = {isa = PBXFileReference; lastKnownFileType = sourcecode.swift; path = CustomTableViewCell.swift; sourceTree = "<group>"; };
		63856FC52BBE719200969D07 /* CustomCollectionViewCell.swift */ = {isa = PBXFileReference; lastKnownFileType = sourcecode.swift; path = CustomCollectionViewCell.swift; sourceTree = "<group>"; };
		63856FC82BBEADC300969D07 /* PlusButton.swift */ = {isa = PBXFileReference; lastKnownFileType = sourcecode.swift; path = PlusButton.swift; sourceTree = "<group>"; };
		63856FCB2BBEAFD400969D07 /* CustomTabBarController.swift */ = {isa = PBXFileReference; lastKnownFileType = sourcecode.swift; path = CustomTabBarController.swift; sourceTree = "<group>"; };
		63856FCD2BBEB01500969D07 /* CustomTabBar.swift */ = {isa = PBXFileReference; lastKnownFileType = sourcecode.swift; path = CustomTabBar.swift; sourceTree = "<group>"; };
		63856FD22BBEDA7800969D07 /* BagVC.swift */ = {isa = PBXFileReference; lastKnownFileType = sourcecode.swift; path = BagVC.swift; sourceTree = "<group>"; };
		63856FD52BBEDAD100969D07 /* ProfileVC.swift */ = {isa = PBXFileReference; lastKnownFileType = sourcecode.swift; path = ProfileVC.swift; sourceTree = "<group>"; };
		63856FD82BBEDD7500969D07 /* CompassVC.swift */ = {isa = PBXFileReference; lastKnownFileType = sourcecode.swift; path = CompassVC.swift; sourceTree = "<group>"; };
		63856FDA2BBFA55A00969D07 /* BagController.swift */ = {isa = PBXFileReference; lastKnownFileType = sourcecode.swift; path = BagController.swift; sourceTree = "<group>"; };
		63856FDC2BBFA58700969D07 /* BagModel.swift */ = {isa = PBXFileReference; lastKnownFileType = sourcecode.swift; path = BagModel.swift; sourceTree = "<group>"; };
		63856FDE2BBFA9C400969D07 /* CompassController.swift */ = {isa = PBXFileReference; lastKnownFileType = sourcecode.swift; path = CompassController.swift; sourceTree = "<group>"; };
		63856FE02BBFA9E400969D07 /* CompassModel.swift */ = {isa = PBXFileReference; lastKnownFileType = sourcecode.swift; path = CompassModel.swift; sourceTree = "<group>"; };
		63856FE22BBFAA1300969D07 /* ProfileController.swift */ = {isa = PBXFileReference; lastKnownFileType = sourcecode.swift; path = ProfileController.swift; sourceTree = "<group>"; };
		63856FE42BBFAA3700969D07 /* ProfileModel.swift */ = {isa = PBXFileReference; lastKnownFileType = sourcecode.swift; path = ProfileModel.swift; sourceTree = "<group>"; };
		AA6166D4BC430CBA71DD3CB3 /* Pods-ShopApp.release.xcconfig */ = {isa = PBXFileReference; includeInIndex = 1; lastKnownFileType = text.xcconfig; name = "Pods-ShopApp.release.xcconfig"; path = "Target Support Files/Pods-ShopApp/Pods-ShopApp.release.xcconfig"; sourceTree = "<group>"; };
		E17B8A7A4C542500B968525D /* Pods-ShopApp.debug.xcconfig */ = {isa = PBXFileReference; includeInIndex = 1; lastKnownFileType = text.xcconfig; name = "Pods-ShopApp.debug.xcconfig"; path = "Target Support Files/Pods-ShopApp/Pods-ShopApp.debug.xcconfig"; sourceTree = "<group>"; };
		F347D84B91EB79F4A594DE0B /* Pods_ShopApp.framework */ = {isa = PBXFileReference; explicitFileType = wrapper.framework; includeInIndex = 0; path = Pods_ShopApp.framework; sourceTree = BUILT_PRODUCTS_DIR; };
/* End PBXFileReference section */

/* Begin PBXFrameworksBuildPhase section */
		63856F882BBD2F9800969D07 /* Frameworks */ = {
			isa = PBXFrameworksBuildPhase;
			buildActionMask = 2147483647;
			files = (
				50EEDEFDCFB1E190053541C2 /* Pods_ShopApp.framework in Frameworks */,
			);
			runOnlyForDeploymentPostprocessing = 0;
		};
/* End PBXFrameworksBuildPhase section */

/* Begin PBXGroup section */
		503BC32A52A7A5869169D268 /* Pods */ = {
			isa = PBXGroup;
			children = (
				E17B8A7A4C542500B968525D /* Pods-ShopApp.debug.xcconfig */,
				AA6166D4BC430CBA71DD3CB3 /* Pods-ShopApp.release.xcconfig */,
			);
			path = Pods;
			sourceTree = "<group>";
		};
		5FD3C4E2FDC707BA58A55594 /* Frameworks */ = {
			isa = PBXGroup;
			children = (
				F347D84B91EB79F4A594DE0B /* Pods_ShopApp.framework */,
			);
			name = Frameworks;
			sourceTree = "<group>";
		};
		63856F822BBD2F9800969D07 = {
			isa = PBXGroup;
			children = (
				63856F8D2BBD2F9800969D07 /* ShopApp */,
				63856F8C2BBD2F9800969D07 /* Products */,
				503BC32A52A7A5869169D268 /* Pods */,
				5FD3C4E2FDC707BA58A55594 /* Frameworks */,
			);
			sourceTree = "<group>";
		};
		63856F8C2BBD2F9800969D07 /* Products */ = {
			isa = PBXGroup;
			children = (
				63856F8B2BBD2F9800969D07 /* ShopApp.app */,
			);
			name = Products;
			sourceTree = "<group>";
		};
		63856F8D2BBD2F9800969D07 /* ShopApp */ = {
			isa = PBXGroup;
			children = (
				63856FA32BBD31FE00969D07 /* App */,
				63856FA22BBD31ED00969D07 /* Resorce */,
				63856FA42BBD320B00969D07 /* Moduls */,
				63856FCA2BBEAFB500969D07 /* NavigationModule */,
				63856FC72BBEAD9A00969D07 /* UI */,
				63856FB82BBD378E00969D07 /* Helper */,
				63856F9C2BBD2F9A00969D07 /* Info.plist */,
			);
			path = ShopApp;
			sourceTree = "<group>";
		};
		63856FA22BBD31ED00969D07 /* Resorce */ = {
			isa = PBXGroup;
			children = (
				63856F992BBD2F9A00969D07 /* LaunchScreen.storyboard */,
				63856F972BBD2F9A00969D07 /* Assets.xcassets */,
			);
			path = Resorce;
			sourceTree = "<group>";
		};
		63856FA32BBD31FE00969D07 /* App */ = {
			isa = PBXGroup;
			children = (
				63856F8E2BBD2F9800969D07 /* AppDelegate.swift */,
				63856F902BBD2F9800969D07 /* SceneDelegate.swift */,
			);
			path = App;
			sourceTree = "<group>";
		};
		63856FA42BBD320B00969D07 /* Moduls */ = {
			isa = PBXGroup;
			children = (
				63856FA92BBD34F600969D07 /* Entrance */,
				63856FAA2BBD351200969D07 /* Phone */,
				63856FB12BBD35D300969D07 /* Major */,
				63856FD12BBEDA4C00969D07 /* Bag */,
				63856FD72BBEDD4300969D07 /* Compass */,
				63856FD42BBEDAB900969D07 /* Profile */,
			);
			path = Moduls;
			sourceTree = "<group>";
		};
		63856FA92BBD34F600969D07 /* Entrance */ = {
			isa = PBXGroup;
			children = (
				63856F922BBD2F9800969D07 /* EntranceViewController.swift */,
				63856FA52BBD34B100969D07 /* EntranceController.swift */,
				63856FA72BBD34C800969D07 /* EntranceModel.swift */,
			);
			path = Entrance;
			sourceTree = "<group>";
		};
		63856FAA2BBD351200969D07 /* Phone */ = {
			isa = PBXGroup;
			children = (
				63856FAB2BBD353000969D07 /* PhoneControllerView.swift */,
				63856FAD2BBD356300969D07 /* PhoneController.swift */,
				63856FAF2BBD357A00969D07 /* PhoneModel.swift */,
			);
			path = Phone;
			sourceTree = "<group>";
		};
		63856FB12BBD35D300969D07 /* Major */ = {
			isa = PBXGroup;
			children = (
				63856FB22BBD361C00969D07 /* MajorViewController.swift */,
				63856FB42BBD365900969D07 /* MajorController.swift */,
				63856FB62BBD366600969D07 /* MajorModel.swift */,
				63856FC32BBD6BDD00969D07 /* CustomTableViewCell.swift */,
				63856FC52BBE719200969D07 /* CustomCollectionViewCell.swift */,
			);
			path = Major;
			sourceTree = "<group>";
		};
		63856FB82BBD378E00969D07 /* Helper */ = {
			isa = PBXGroup;
			children = (
				63856FB92BBD37AA00969D07 /* CustomUIColor.swift */,
				63856FBD2BBD4CEF00969D07 /* Struck.swift */,
			);
			path = Helper;
			sourceTree = "<group>";
		};
		63856FC72BBEAD9A00969D07 /* UI */ = {
			isa = PBXGroup;
			children = (
				63856FC82BBEADC300969D07 /* PlusButton.swift */,
			);
			path = UI;
			sourceTree = "<group>";
		};
		63856FCA2BBEAFB500969D07 /* NavigationModule */ = {
			isa = PBXGroup;
			children = (
				63856FCB2BBEAFD400969D07 /* CustomTabBarController.swift */,
				63856FCD2BBEB01500969D07 /* CustomTabBar.swift */,
			);
			path = NavigationModule;
			sourceTree = "<group>";
		};
		63856FD12BBEDA4C00969D07 /* Bag */ = {
			isa = PBXGroup;
			children = (
				63856FD22BBEDA7800969D07 /* BagVC.swift */,
				63856FDA2BBFA55A00969D07 /* BagController.swift */,
				63856FDC2BBFA58700969D07 /* BagModel.swift */,
			);
			path = Bag;
			sourceTree = "<group>";
		};
		63856FD42BBEDAB900969D07 /* Profile */ = {
			isa = PBXGroup;
			children = (
				63856FD52BBEDAD100969D07 /* ProfileVC.swift */,
				63856FE22BBFAA1300969D07 /* ProfileController.swift */,
				63856FE42BBFAA3700969D07 /* ProfileModel.swift */,
			);
			path = Profile;
			sourceTree = "<group>";
		};
		63856FD72BBEDD4300969D07 /* Compass */ = {
			isa = PBXGroup;
			children = (
				63856FD82BBEDD7500969D07 /* CompassVC.swift */,
				63856FDE2BBFA9C400969D07 /* CompassController.swift */,
				63856FE02BBFA9E400969D07 /* CompassModel.swift */,
			);
			path = Compass;
			sourceTree = "<group>";
		};
/* End PBXGroup section */

/* Begin PBXNativeTarget section */
		63856F8A2BBD2F9800969D07 /* ShopApp */ = {
			isa = PBXNativeTarget;
			buildConfigurationList = 63856F9F2BBD2F9A00969D07 /* Build configuration list for PBXNativeTarget "ShopApp" */;
			buildPhases = (
				870C2EEF20E4DA5E2880132C /* [CP] Check Pods Manifest.lock */,
				63856F872BBD2F9800969D07 /* Sources */,
				63856F882BBD2F9800969D07 /* Frameworks */,
				63856F892BBD2F9800969D07 /* Resources */,
				C2614A41D9CD8A674E361C7F /* [CP] Embed Pods Frameworks */,
			);
			buildRules = (
			);
			dependencies = (
			);
			name = ShopApp;
			productName = ShopApp;
			productReference = 63856F8B2BBD2F9800969D07 /* ShopApp.app */;
			productType = "com.apple.product-type.application";
		};
/* End PBXNativeTarget section */

/* Begin PBXProject section */
		63856F832BBD2F9800969D07 /* Project object */ = {
			isa = PBXProject;
			attributes = {
				BuildIndependentTargetsInParallel = 1;
				LastSwiftUpdateCheck = 1510;
				LastUpgradeCheck = 1510;
				TargetAttributes = {
					63856F8A2BBD2F9800969D07 = {
						CreatedOnToolsVersion = 15.1;
					};
				};
			};
			buildConfigurationList = 63856F862BBD2F9800969D07 /* Build configuration list for PBXProject "ShopApp" */;
			compatibilityVersion = "Xcode 14.0";
			developmentRegion = en;
			hasScannedForEncodings = 0;
			knownRegions = (
				en,
				Base,
			);
			mainGroup = 63856F822BBD2F9800969D07;
			productRefGroup = 63856F8C2BBD2F9800969D07 /* Products */;
			projectDirPath = "";
			projectRoot = "";
			targets = (
				63856F8A2BBD2F9800969D07 /* ShopApp */,
			);
		};
/* End PBXProject section */

/* Begin PBXResourcesBuildPhase section */
		63856F892BBD2F9800969D07 /* Resources */ = {
			isa = PBXResourcesBuildPhase;
			buildActionMask = 2147483647;
			files = (
				63856F9B2BBD2F9A00969D07 /* LaunchScreen.storyboard in Resources */,
				63856F982BBD2F9A00969D07 /* Assets.xcassets in Resources */,
			);
			runOnlyForDeploymentPostprocessing = 0;
		};
/* End PBXResourcesBuildPhase section */

/* Begin PBXShellScriptBuildPhase section */
		870C2EEF20E4DA5E2880132C /* [CP] Check Pods Manifest.lock */ = {
			isa = PBXShellScriptBuildPhase;
			buildActionMask = 2147483647;
			files = (
			);
			inputFileListPaths = (
			);
			inputPaths = (
				"${PODS_PODFILE_DIR_PATH}/Podfile.lock",
				"${PODS_ROOT}/Manifest.lock",
			);
			name = "[CP] Check Pods Manifest.lock";
			outputFileListPaths = (
			);
			outputPaths = (
				"$(DERIVED_FILE_DIR)/Pods-ShopApp-checkManifestLockResult.txt",
			);
			runOnlyForDeploymentPostprocessing = 0;
			shellPath = /bin/sh;
			shellScript = "diff \"${PODS_PODFILE_DIR_PATH}/Podfile.lock\" \"${PODS_ROOT}/Manifest.lock\" > /dev/null\nif [ $? != 0 ] ; then\n    # print error to STDERR\n    echo \"error: The sandbox is not in sync with the Podfile.lock. Run 'pod install' or update your CocoaPods installation.\" >&2\n    exit 1\nfi\n# This output is used by Xcode 'outputs' to avoid re-running this script phase.\necho \"SUCCESS\" > \"${SCRIPT_OUTPUT_FILE_0}\"\n";
			showEnvVarsInLog = 0;
		};
		C2614A41D9CD8A674E361C7F /* [CP] Embed Pods Frameworks */ = {
			isa = PBXShellScriptBuildPhase;
			buildActionMask = 2147483647;
			files = (
			);
			inputFileListPaths = (
				"${PODS_ROOT}/Target Support Files/Pods-ShopApp/Pods-ShopApp-frameworks-${CONFIGURATION}-input-files.xcfilelist",
			);
			name = "[CP] Embed Pods Frameworks";
			outputFileListPaths = (
				"${PODS_ROOT}/Target Support Files/Pods-ShopApp/Pods-ShopApp-frameworks-${CONFIGURATION}-output-files.xcfilelist",
			);
			runOnlyForDeploymentPostprocessing = 0;
			shellPath = /bin/sh;
			shellScript = "\"${PODS_ROOT}/Target Support Files/Pods-ShopApp/Pods-ShopApp-frameworks.sh\"\n";
			showEnvVarsInLog = 0;
		};
/* End PBXShellScriptBuildPhase section */

/* Begin PBXSourcesBuildPhase section */
		63856F872BBD2F9800969D07 /* Sources */ = {
			isa = PBXSourcesBuildPhase;
			buildActionMask = 2147483647;
			files = (
				63856FD62BBEDAD100969D07 /* ProfileVC.swift in Sources */,
				63856FD32BBEDA7800969D07 /* BagVC.swift in Sources */,
				63856FB72BBD366600969D07 /* MajorModel.swift in Sources */,
				63856FC62BBE719200969D07 /* CustomCollectionViewCell.swift in Sources */,
				63856F932BBD2F9800969D07 /* EntranceViewController.swift in Sources */,
				63856FE32BBFAA1300969D07 /* ProfileController.swift in Sources */,
				63856FAE2BBD356400969D07 /* PhoneController.swift in Sources */,
				63856FCE2BBEB01500969D07 /* CustomTabBar.swift in Sources */,
				63856FAC2BBD353000969D07 /* PhoneControllerView.swift in Sources */,
				63856FE52BBFAA3700969D07 /* ProfileModel.swift in Sources */,
				63856F8F2BBD2F9800969D07 /* AppDelegate.swift in Sources */,
				63856FB32BBD361C00969D07 /* MajorViewController.swift in Sources */,
				63856FC42BBD6BDD00969D07 /* CustomTableViewCell.swift in Sources */,
				63856FB52BBD365900969D07 /* MajorController.swift in Sources */,
				63856F912BBD2F9800969D07 /* SceneDelegate.swift in Sources */,
				63856FA82BBD34C800969D07 /* EntranceModel.swift in Sources */,
				63856FC92BBEADC300969D07 /* PlusButton.swift in Sources */,
				63856FCC2BBEAFD400969D07 /* CustomTabBarController.swift in Sources */,
				63856FBE2BBD4CEF00969D07 /* Struck.swift in Sources */,
				63856FB02BBD357A00969D07 /* PhoneModel.swift in Sources */,
				63856FDB2BBFA55A00969D07 /* BagController.swift in Sources */,
				63856FBA2BBD37AA00969D07 /* CustomUIColor.swift in Sources */,
				63856FDF2BBFA9C400969D07 /* CompassController.swift in Sources */,
				63856FA62BBD34B100969D07 /* EntranceController.swift in Sources */,
				63856FD92BBEDD7500969D07 /* CompassVC.swift in Sources */,
				63856FE12BBFA9E400969D07 /* CompassModel.swift in Sources */,
				63856FDD2BBFA58700969D07 /* BagModel.swift in Sources */,
			);
			runOnlyForDeploymentPostprocessing = 0;
		};
/* End PBXSourcesBuildPhase section */

/* Begin PBXVariantGroup section */
		63856F992BBD2F9A00969D07 /* LaunchScreen.storyboard */ = {
			isa = PBXVariantGroup;
			children = (
				63856F9A2BBD2F9A00969D07 /* Base */,
			);
			name = LaunchScreen.storyboard;
			sourceTree = "<group>";
		};
/* End PBXVariantGroup section */

/* Begin XCBuildConfiguration section */
		63856F9D2BBD2F9A00969D07 /* Debug */ = {
			isa = XCBuildConfiguration;
			buildSettings = {
				ALWAYS_SEARCH_USER_PATHS = NO;
				ASSETCATALOG_COMPILER_GENERATE_SWIFT_ASSET_SYMBOL_EXTENSIONS = YES;
				CLANG_ANALYZER_NONNULL = YES;
				CLANG_ANALYZER_NUMBER_OBJECT_CONVERSION = YES_AGGRESSIVE;
				CLANG_CXX_LANGUAGE_STANDARD = "gnu++20";
				CLANG_ENABLE_MODULES = YES;
				CLANG_ENABLE_OBJC_ARC = YES;
				CLANG_ENABLE_OBJC_WEAK = YES;
				CLANG_WARN_BLOCK_CAPTURE_AUTORELEASING = YES;
				CLANG_WARN_BOOL_CONVERSION = YES;
				CLANG_WARN_COMMA = YES;
				CLANG_WARN_CONSTANT_CONVERSION = YES;
				CLANG_WARN_DEPRECATED_OBJC_IMPLEMENTATIONS = YES;
				CLANG_WARN_DIRECT_OBJC_ISA_USAGE = YES_ERROR;
				CLANG_WARN_DOCUMENTATION_COMMENTS = YES;
				CLANG_WARN_EMPTY_BODY = YES;
				CLANG_WARN_ENUM_CONVERSION = YES;
				CLANG_WARN_INFINITE_RECURSION = YES;
				CLANG_WARN_INT_CONVERSION = YES;
				CLANG_WARN_NON_LITERAL_NULL_CONVERSION = YES;
				CLANG_WARN_OBJC_IMPLICIT_RETAIN_SELF = YES;
				CLANG_WARN_OBJC_LITERAL_CONVERSION = YES;
				CLANG_WARN_OBJC_ROOT_CLASS = YES_ERROR;
				CLANG_WARN_QUOTED_INCLUDE_IN_FRAMEWORK_HEADER = YES;
				CLANG_WARN_RANGE_LOOP_ANALYSIS = YES;
				CLANG_WARN_STRICT_PROTOTYPES = YES;
				CLANG_WARN_SUSPICIOUS_MOVE = YES;
				CLANG_WARN_UNGUARDED_AVAILABILITY = YES_AGGRESSIVE;
				CLANG_WARN_UNREACHABLE_CODE = YES;
				CLANG_WARN__DUPLICATE_METHOD_MATCH = YES;
				COPY_PHASE_STRIP = NO;
				DEBUG_INFORMATION_FORMAT = dwarf;
				ENABLE_STRICT_OBJC_MSGSEND = YES;
				ENABLE_TESTABILITY = YES;
				ENABLE_USER_SCRIPT_SANDBOXING = YES;
				GCC_C_LANGUAGE_STANDARD = gnu17;
				GCC_DYNAMIC_NO_PIC = NO;
				GCC_NO_COMMON_BLOCKS = YES;
				GCC_OPTIMIZATION_LEVEL = 0;
				GCC_PREPROCESSOR_DEFINITIONS = (
					"DEBUG=1",
					"$(inherited)",
				);
				GCC_WARN_64_TO_32_BIT_CONVERSION = YES;
				GCC_WARN_ABOUT_RETURN_TYPE = YES_ERROR;
				GCC_WARN_UNDECLARED_SELECTOR = YES;
				GCC_WARN_UNINITIALIZED_AUTOS = YES_AGGRESSIVE;
				GCC_WARN_UNUSED_FUNCTION = YES;
				GCC_WARN_UNUSED_VARIABLE = YES;
				IPHONEOS_DEPLOYMENT_TARGET = 17.2;
				LOCALIZATION_PREFERS_STRING_CATALOGS = YES;
				MTL_ENABLE_DEBUG_INFO = INCLUDE_SOURCE;
				MTL_FAST_MATH = YES;
				ONLY_ACTIVE_ARCH = YES;
				SDKROOT = iphoneos;
				SWIFT_ACTIVE_COMPILATION_CONDITIONS = "DEBUG $(inherited)";
				SWIFT_OPTIMIZATION_LEVEL = "-Onone";
			};
			name = Debug;
		};
		63856F9E2BBD2F9A00969D07 /* Release */ = {
			isa = XCBuildConfiguration;
			buildSettings = {
				ALWAYS_SEARCH_USER_PATHS = NO;
				ASSETCATALOG_COMPILER_GENERATE_SWIFT_ASSET_SYMBOL_EXTENSIONS = YES;
				CLANG_ANALYZER_NONNULL = YES;
				CLANG_ANALYZER_NUMBER_OBJECT_CONVERSION = YES_AGGRESSIVE;
				CLANG_CXX_LANGUAGE_STANDARD = "gnu++20";
				CLANG_ENABLE_MODULES = YES;
				CLANG_ENABLE_OBJC_ARC = YES;
				CLANG_ENABLE_OBJC_WEAK = YES;
				CLANG_WARN_BLOCK_CAPTURE_AUTORELEASING = YES;
				CLANG_WARN_BOOL_CONVERSION = YES;
				CLANG_WARN_COMMA = YES;
				CLANG_WARN_CONSTANT_CONVERSION = YES;
				CLANG_WARN_DEPRECATED_OBJC_IMPLEMENTATIONS = YES;
				CLANG_WARN_DIRECT_OBJC_ISA_USAGE = YES_ERROR;
				CLANG_WARN_DOCUMENTATION_COMMENTS = YES;
				CLANG_WARN_EMPTY_BODY = YES;
				CLANG_WARN_ENUM_CONVERSION = YES;
				CLANG_WARN_INFINITE_RECURSION = YES;
				CLANG_WARN_INT_CONVERSION = YES;
				CLANG_WARN_NON_LITERAL_NULL_CONVERSION = YES;
				CLANG_WARN_OBJC_IMPLICIT_RETAIN_SELF = YES;
				CLANG_WARN_OBJC_LITERAL_CONVERSION = YES;
				CLANG_WARN_OBJC_ROOT_CLASS = YES_ERROR;
				CLANG_WARN_QUOTED_INCLUDE_IN_FRAMEWORK_HEADER = YES;
				CLANG_WARN_RANGE_LOOP_ANALYSIS = YES;
				CLANG_WARN_STRICT_PROTOTYPES = YES;
				CLANG_WARN_SUSPICIOUS_MOVE = YES;
				CLANG_WARN_UNGUARDED_AVAILABILITY = YES_AGGRESSIVE;
				CLANG_WARN_UNREACHABLE_CODE = YES;
				CLANG_WARN__DUPLICATE_METHOD_MATCH = YES;
				COPY_PHASE_STRIP = NO;
				DEBUG_INFORMATION_FORMAT = "dwarf-with-dsym";
				ENABLE_NS_ASSERTIONS = NO;
				ENABLE_STRICT_OBJC_MSGSEND = YES;
				ENABLE_USER_SCRIPT_SANDBOXING = YES;
				GCC_C_LANGUAGE_STANDARD = gnu17;
				GCC_NO_COMMON_BLOCKS = YES;
				GCC_WARN_64_TO_32_BIT_CONVERSION = YES;
				GCC_WARN_ABOUT_RETURN_TYPE = YES_ERROR;
				GCC_WARN_UNDECLARED_SELECTOR = YES;
				GCC_WARN_UNINITIALIZED_AUTOS = YES_AGGRESSIVE;
				GCC_WARN_UNUSED_FUNCTION = YES;
				GCC_WARN_UNUSED_VARIABLE = YES;
				IPHONEOS_DEPLOYMENT_TARGET = 17.2;
				LOCALIZATION_PREFERS_STRING_CATALOGS = YES;
				MTL_ENABLE_DEBUG_INFO = NO;
				MTL_FAST_MATH = YES;
				SDKROOT = iphoneos;
				SWIFT_COMPILATION_MODE = wholemodule;
				VALIDATE_PRODUCT = YES;
			};
			name = Release;
		};
		63856FA02BBD2F9A00969D07 /* Debug */ = {
			isa = XCBuildConfiguration;
			baseConfigurationReference = E17B8A7A4C542500B968525D /* Pods-ShopApp.debug.xcconfig */;
			buildSettings = {
				ASSETCATALOG_COMPILER_APPICON_NAME = AppIcon;
				ASSETCATALOG_COMPILER_GLOBAL_ACCENT_COLOR_NAME = AccentColor;
				CODE_SIGN_STYLE = Automatic;
				CURRENT_PROJECT_VERSION = 1;
				ENABLE_USER_SCRIPT_SANDBOXING = NO;
				GENERATE_INFOPLIST_FILE = YES;
				INFOPLIST_FILE = ShopApp/Info.plist;
				INFOPLIST_KEY_UIApplicationSupportsIndirectInputEvents = YES;
				INFOPLIST_KEY_UILaunchStoryboardName = LaunchScreen;
				INFOPLIST_KEY_UISupportedInterfaceOrientations_iPad = "UIInterfaceOrientationPortrait UIInterfaceOrientationPortraitUpsideDown UIInterfaceOrientationLandscapeLeft UIInterfaceOrientationLandscapeRight";
				INFOPLIST_KEY_UISupportedInterfaceOrientations_iPhone = "UIInterfaceOrientationPortrait UIInterfaceOrientationLandscapeLeft UIInterfaceOrientationLandscapeRight";
				LD_RUNPATH_SEARCH_PATHS = (
					"$(inherited)",
					"@executable_path/Frameworks",
				);
				MARKETING_VERSION = 1.0;
				PRODUCT_BUNDLE_IDENTIFIER = HW1.ShopApp;
				PRODUCT_NAME = "$(TARGET_NAME)";
				SWIFT_EMIT_LOC_STRINGS = YES;
				SWIFT_VERSION = 5.0;
				TARGETED_DEVICE_FAMILY = "1,2";
			};
			name = Debug;
		};
		63856FA12BBD2F9A00969D07 /* Release */ = {
			isa = XCBuildConfiguration;
			baseConfigurationReference = AA6166D4BC430CBA71DD3CB3 /* Pods-ShopApp.release.xcconfig */;
			buildSettings = {
				ASSETCATALOG_COMPILER_APPICON_NAME = AppIcon;
				ASSETCATALOG_COMPILER_GLOBAL_ACCENT_COLOR_NAME = AccentColor;
				CODE_SIGN_STYLE = Automatic;
				CURRENT_PROJECT_VERSION = 1;
				ENABLE_USER_SCRIPT_SANDBOXING = NO;
				GENERATE_INFOPLIST_FILE = YES;
				INFOPLIST_FILE = ShopApp/Info.plist;
				INFOPLIST_KEY_UIApplicationSupportsIndirectInputEvents = YES;
				INFOPLIST_KEY_UILaunchStoryboardName = LaunchScreen;
				INFOPLIST_KEY_UISupportedInterfaceOrientations_iPad = "UIInterfaceOrientationPortrait UIInterfaceOrientationPortraitUpsideDown UIInterfaceOrientationLandscapeLeft UIInterfaceOrientationLandscapeRight";
				INFOPLIST_KEY_UISupportedInterfaceOrientations_iPhone = "UIInterfaceOrientationPortrait UIInterfaceOrientationLandscapeLeft UIInterfaceOrientationLandscapeRight";
				LD_RUNPATH_SEARCH_PATHS = (
					"$(inherited)",
					"@executable_path/Frameworks",
				);
				MARKETING_VERSION = 1.0;
				PRODUCT_BUNDLE_IDENTIFIER = HW1.ShopApp;
				PRODUCT_NAME = "$(TARGET_NAME)";
				SWIFT_EMIT_LOC_STRINGS = YES;
				SWIFT_VERSION = 5.0;
				TARGETED_DEVICE_FAMILY = "1,2";
			};
			name = Release;
		};
/* End XCBuildConfiguration section */

/* Begin XCConfigurationList section */
		63856F862BBD2F9800969D07 /* Build configuration list for PBXProject "ShopApp" */ = {
			isa = XCConfigurationList;
			buildConfigurations = (
				63856F9D2BBD2F9A00969D07 /* Debug */,
				63856F9E2BBD2F9A00969D07 /* Release */,
			);
			defaultConfigurationIsVisible = 0;
			defaultConfigurationName = Release;
		};
		63856F9F2BBD2F9A00969D07 /* Build configuration list for PBXNativeTarget "ShopApp" */ = {
			isa = XCConfigurationList;
			buildConfigurations = (
				63856FA02BBD2F9A00969D07 /* Debug */,
				63856FA12BBD2F9A00969D07 /* Release */,
			);
			defaultConfigurationIsVisible = 0;
			defaultConfigurationName = Release;
		};
/* End XCConfigurationList section */
	};
	rootObject = 63856F832BBD2F9800969D07 /* Project object */;
}
