// !$*UTF8*$!
{
	archiveVersion = 1;
	classes = {
	};
	objectVersion = 56;
	objects = {

/* Begin PBXBuildFile section */
		50EEDEFDCFB1E190053541C2 /* Pods_ShopApp.framework in Frameworks */ = {isa = PBXBuildFile; fileRef = F347D84B91EB79F4A594DE0B /* Pods_ShopApp.framework */; };
		635795992BCE79C50087DC5B /* EmailViewController.swift in Sources */ = {isa = PBXBuildFile; fileRef = 635795982BCE79C50087DC5B /* EmailViewController.swift */; };
		6357959B2BCE79E60087DC5B /* EmailView.swift in Sources */ = {isa = PBXBuildFile; fileRef = 6357959A2BCE79E60087DC5B /* EmailView.swift */; };
		6357959F2BD127E30087DC5B /* ListSection.swift in Sources */ = {isa = PBXBuildFile; fileRef = 6357959E2BD127E30087DC5B /* ListSection.swift */; };
		635795A32BD12A9B0087DC5B /* MockData.swift in Sources */ = {isa = PBXBuildFile; fileRef = 635795A22BD12A9B0087DC5B /* MockData.swift */; };
		635795A52BD131640087DC5B /* RecordCollectionViewCell.swift in Sources */ = {isa = PBXBuildFile; fileRef = 635795A42BD131640087DC5B /* RecordCollectionViewCell.swift */; };
		635795A72BD1317E0087DC5B /* SettingsCollectionViewCell.swift in Sources */ = {isa = PBXBuildFile; fileRef = 635795A62BD1317E0087DC5B /* SettingsCollectionViewCell.swift */; };
		635795A92BD131940087DC5B /* InfoCollectionViewCell.swift in Sources */ = {isa = PBXBuildFile; fileRef = 635795A82BD131940087DC5B /* InfoCollectionViewCell.swift */; };
		635795AD2BD13F780087DC5B /* HeaderSupplementaryView.swift in Sources */ = {isa = PBXBuildFile; fileRef = 635795AC2BD13F780087DC5B /* HeaderSupplementaryView.swift */; };
		6359AE882BC1975A00BAAFBE /* StartView.swift in Sources */ = {isa = PBXBuildFile; fileRef = 6359AE872BC1975A00BAAFBE /* StartView.swift */; };
		6359AE902BC3AF4C00BAAFBE /* DetailsView.swift in Sources */ = {isa = PBXBuildFile; fileRef = 6359AE8F2BC3AF4C00BAAFBE /* DetailsView.swift */; };
		6359AE922BC3DF7F00BAAFBE /* Constants.swift in Sources */ = {isa = PBXBuildFile; fileRef = 6359AE912BC3DF7F00BAAFBE /* Constants.swift */; };
		6359AE942BC3E0A700BAAFBE /* NetworkLayer.swift in Sources */ = {isa = PBXBuildFile; fileRef = 6359AE932BC3E0A700BAAFBE /* NetworkLayer.swift */; };
		6359AE962BC3E0F400BAAFBE /* Products.swift in Sources */ = {isa = PBXBuildFile; fileRef = 6359AE952BC3E0F400BAAFBE /* Products.swift */; };
		6359AE9A2BC8F12400BAAFBE /* ImageDownloader.swift in Sources */ = {isa = PBXBuildFile; fileRef = 6359AE992BC8F12400BAAFBE /* ImageDownloader.swift */; };
		6359AE9D2BC902C400BAAFBE /* AuthService.swift in Sources */ = {isa = PBXBuildFile; fileRef = 6359AE9C2BC902C400BAAFBE /* AuthService.swift */; };
		6359AEA02BC92CF100BAAFBE /* SMSCodeViewController.swift in Sources */ = {isa = PBXBuildFile; fileRef = 6359AE9F2BC92CF100BAAFBE /* SMSCodeViewController.swift */; };
		6359AEA42BC92F6900BAAFBE /* GoogleService-Info.plist in Resources */ = {isa = PBXBuildFile; fileRef = 6359AEA32BC92F6800BAAFBE /* GoogleService-Info.plist */; };
		6359AEAA2BCA801400BAAFBE /* SplashViewController.swift in Sources */ = {isa = PBXBuildFile; fileRef = 6359AEA92BCA801400BAAFBE /* SplashViewController.swift */; };
		6359AEAD2BCAAC3800BAAFBE /* SignInViewController.swift in Sources */ = {isa = PBXBuildFile; fileRef = 6359AEAC2BCAAC3800BAAFBE /* SignInViewController.swift */; };
		6359AEAF2BCAACF700BAAFBE /* SignInView.swift in Sources */ = {isa = PBXBuildFile; fileRef = 6359AEAE2BCAACF700BAAFBE /* SignInView.swift */; };
		63856F8F2BBD2F9800969D07 /* AppDelegate.swift in Sources */ = {isa = PBXBuildFile; fileRef = 63856F8E2BBD2F9800969D07 /* AppDelegate.swift */; };
		63856F912BBD2F9800969D07 /* SceneDelegate.swift in Sources */ = {isa = PBXBuildFile; fileRef = 63856F902BBD2F9800969D07 /* SceneDelegate.swift */; };
		63856F932BBD2F9800969D07 /* StartViewController.swift in Sources */ = {isa = PBXBuildFile; fileRef = 63856F922BBD2F9800969D07 /* StartViewController.swift */; };
		63856F982BBD2F9A00969D07 /* Assets.xcassets in Resources */ = {isa = PBXBuildFile; fileRef = 63856F972BBD2F9A00969D07 /* Assets.xcassets */; };
		63856F9B2BBD2F9A00969D07 /* LaunchScreen.storyboard in Resources */ = {isa = PBXBuildFile; fileRef = 63856F992BBD2F9A00969D07 /* LaunchScreen.storyboard */; };
		63856FAC2BBD353000969D07 /* PhoneViewController.swift in Sources */ = {isa = PBXBuildFile; fileRef = 63856FAB2BBD353000969D07 /* PhoneViewController.swift */; };
		63856FB02BBD357A00969D07 /* PhoneView.swift in Sources */ = {isa = PBXBuildFile; fileRef = 63856FAF2BBD357A00969D07 /* PhoneView.swift */; };
		63856FBA2BBD37AA00969D07 /* CustomUIColor.swift in Sources */ = {isa = PBXBuildFile; fileRef = 63856FB92BBD37AA00969D07 /* CustomUIColor.swift */; };
		63856FC42BBD6BDD00969D07 /* CustomTableViewCell.swift in Sources */ = {isa = PBXBuildFile; fileRef = 63856FC32BBD6BDD00969D07 /* CustomTableViewCell.swift */; };
		63856FC62BBE719200969D07 /* CustomCollectionViewCell.swift in Sources */ = {isa = PBXBuildFile; fileRef = 63856FC52BBE719200969D07 /* CustomCollectionViewCell.swift */; };
		63856FC92BBEADC300969D07 /* PlusButton.swift in Sources */ = {isa = PBXBuildFile; fileRef = 63856FC82BBEADC300969D07 /* PlusButton.swift */; };
		63856FCC2BBEAFD400969D07 /* CustomTabBarController.swift in Sources */ = {isa = PBXBuildFile; fileRef = 63856FCB2BBEAFD400969D07 /* CustomTabBarController.swift */; };
		63856FCE2BBEB01500969D07 /* CustomTabBar.swift in Sources */ = {isa = PBXBuildFile; fileRef = 63856FCD2BBEB01500969D07 /* CustomTabBar.swift */; };
		63856FD32BBEDA7800969D07 /* BagViewController.swift in Sources */ = {isa = PBXBuildFile; fileRef = 63856FD22BBEDA7800969D07 /* BagViewController.swift */; };
		63856FD62BBEDAD100969D07 /* ProfileViewController.swift in Sources */ = {isa = PBXBuildFile; fileRef = 63856FD52BBEDAD100969D07 /* ProfileViewController.swift */; };
		63856FD92BBEDD7500969D07 /* CompassViewController.swift in Sources */ = {isa = PBXBuildFile; fileRef = 63856FD82BBEDD7500969D07 /* CompassViewController.swift */; };
		63856FE72BBFBAA600969D07 /* DetailslViewController.swift in Sources */ = {isa = PBXBuildFile; fileRef = 63856FE62BBFBAA600969D07 /* DetailslViewController.swift */; };
		63856FEF2BC1346C00969D07 /* MainViewController.swift in Sources */ = {isa = PBXBuildFile; fileRef = 63856FEE2BC1346C00969D07 /* MainViewController.swift */; };
/* End PBXBuildFile section */

/* Begin PBXFileReference section */
		635795982BCE79C50087DC5B /* EmailViewController.swift */ = {isa = PBXFileReference; lastKnownFileType = sourcecode.swift; path = EmailViewController.swift; sourceTree = "<group>"; };
		6357959A2BCE79E60087DC5B /* EmailView.swift */ = {isa = PBXFileReference; lastKnownFileType = sourcecode.swift; path = EmailView.swift; sourceTree = "<group>"; };
		6357959E2BD127E30087DC5B /* ListSection.swift */ = {isa = PBXFileReference; lastKnownFileType = sourcecode.swift; path = ListSection.swift; sourceTree = "<group>"; };
		635795A22BD12A9B0087DC5B /* MockData.swift */ = {isa = PBXFileReference; lastKnownFileType = sourcecode.swift; path = MockData.swift; sourceTree = "<group>"; };
		635795A42BD131640087DC5B /* RecordCollectionViewCell.swift */ = {isa = PBXFileReference; lastKnownFileType = sourcecode.swift; path = RecordCollectionViewCell.swift; sourceTree = "<group>"; };
		635795A62BD1317E0087DC5B /* SettingsCollectionViewCell.swift */ = {isa = PBXFileReference; lastKnownFileType = sourcecode.swift; path = SettingsCollectionViewCell.swift; sourceTree = "<group>"; };
		635795A82BD131940087DC5B /* InfoCollectionViewCell.swift */ = {isa = PBXFileReference; lastKnownFileType = sourcecode.swift; path = InfoCollectionViewCell.swift; sourceTree = "<group>"; };
		635795AC2BD13F780087DC5B /* HeaderSupplementaryView.swift */ = {isa = PBXFileReference; lastKnownFileType = sourcecode.swift; path = HeaderSupplementaryView.swift; sourceTree = "<group>"; };
		6359AE872BC1975A00BAAFBE /* StartView.swift */ = {isa = PBXFileReference; lastKnownFileType = sourcecode.swift; path = StartView.swift; sourceTree = "<group>"; };
		6359AE8F2BC3AF4C00BAAFBE /* DetailsView.swift */ = {isa = PBXFileReference; lastKnownFileType = sourcecode.swift; path = DetailsView.swift; sourceTree = "<group>"; };
		6359AE912BC3DF7F00BAAFBE /* Constants.swift */ = {isa = PBXFileReference; lastKnownFileType = sourcecode.swift; path = Constants.swift; sourceTree = "<group>"; };
		6359AE932BC3E0A700BAAFBE /* NetworkLayer.swift */ = {isa = PBXFileReference; lastKnownFileType = sourcecode.swift; path = NetworkLayer.swift; sourceTree = "<group>"; };
		6359AE952BC3E0F400BAAFBE /* Products.swift */ = {isa = PBXFileReference; lastKnownFileType = sourcecode.swift; path = Products.swift; sourceTree = "<group>"; };
		6359AE992BC8F12400BAAFBE /* ImageDownloader.swift */ = {isa = PBXFileReference; lastKnownFileType = sourcecode.swift; path = ImageDownloader.swift; sourceTree = "<group>"; };
		6359AE9C2BC902C400BAAFBE /* AuthService.swift */ = {isa = PBXFileReference; lastKnownFileType = sourcecode.swift; path = AuthService.swift; sourceTree = "<group>"; };
		6359AE9F2BC92CF100BAAFBE /* SMSCodeViewController.swift */ = {isa = PBXFileReference; lastKnownFileType = sourcecode.swift; path = SMSCodeViewController.swift; sourceTree = "<group>"; };
		6359AEA32BC92F6800BAAFBE /* GoogleService-Info.plist */ = {isa = PBXFileReference; fileEncoding = 4; lastKnownFileType = text.plist.xml; path = "GoogleService-Info.plist"; sourceTree = "<group>"; };
		6359AEA92BCA801400BAAFBE /* SplashViewController.swift */ = {isa = PBXFileReference; lastKnownFileType = sourcecode.swift; path = SplashViewController.swift; sourceTree = "<group>"; };
		6359AEAC2BCAAC3800BAAFBE /* SignInViewController.swift */ = {isa = PBXFileReference; lastKnownFileType = sourcecode.swift; path = SignInViewController.swift; sourceTree = "<group>"; };
		6359AEAE2BCAACF700BAAFBE /* SignInView.swift */ = {isa = PBXFileReference; lastKnownFileType = sourcecode.swift; path = SignInView.swift; sourceTree = "<group>"; };
		63856F8B2BBD2F9800969D07 /* ShopApp.app */ = {isa = PBXFileReference; explicitFileType = wrapper.application; includeInIndex = 0; path = ShopApp.app; sourceTree = BUILT_PRODUCTS_DIR; };
		63856F8E2BBD2F9800969D07 /* AppDelegate.swift */ = {isa = PBXFileReference; lastKnownFileType = sourcecode.swift; path = AppDelegate.swift; sourceTree = "<group>"; };
		63856F902BBD2F9800969D07 /* SceneDelegate.swift */ = {isa = PBXFileReference; lastKnownFileType = sourcecode.swift; path = SceneDelegate.swift; sourceTree = "<group>"; };
		63856F922BBD2F9800969D07 /* StartViewController.swift */ = {isa = PBXFileReference; lastKnownFileType = sourcecode.swift; path = StartViewController.swift; sourceTree = "<group>"; };
		63856F972BBD2F9A00969D07 /* Assets.xcassets */ = {isa = PBXFileReference; lastKnownFileType = folder.assetcatalog; path = Assets.xcassets; sourceTree = "<group>"; };
		63856F9A2BBD2F9A00969D07 /* Base */ = {isa = PBXFileReference; lastKnownFileType = file.storyboard; name = Base; path = Base.lproj/LaunchScreen.storyboard; sourceTree = "<group>"; };
		63856F9C2BBD2F9A00969D07 /* Info.plist */ = {isa = PBXFileReference; lastKnownFileType = text.plist.xml; path = Info.plist; sourceTree = "<group>"; };
		63856FAB2BBD353000969D07 /* PhoneViewController.swift */ = {isa = PBXFileReference; lastKnownFileType = sourcecode.swift; path = PhoneViewController.swift; sourceTree = "<group>"; };
		63856FAF2BBD357A00969D07 /* PhoneView.swift */ = {isa = PBXFileReference; lastKnownFileType = sourcecode.swift; path = PhoneView.swift; sourceTree = "<group>"; };
		63856FB92BBD37AA00969D07 /* CustomUIColor.swift */ = {isa = PBXFileReference; lastKnownFileType = sourcecode.swift; path = CustomUIColor.swift; sourceTree = "<group>"; };
		63856FC32BBD6BDD00969D07 /* CustomTableViewCell.swift */ = {isa = PBXFileReference; lastKnownFileType = sourcecode.swift; path = CustomTableViewCell.swift; sourceTree = "<group>"; };
		63856FC52BBE719200969D07 /* CustomCollectionViewCell.swift */ = {isa = PBXFileReference; lastKnownFileType = sourcecode.swift; path = CustomCollectionViewCell.swift; sourceTree = "<group>"; };
		63856FC82BBEADC300969D07 /* PlusButton.swift */ = {isa = PBXFileReference; lastKnownFileType = sourcecode.swift; path = PlusButton.swift; sourceTree = "<group>"; };
		63856FCB2BBEAFD400969D07 /* CustomTabBarController.swift */ = {isa = PBXFileReference; lastKnownFileType = sourcecode.swift; path = CustomTabBarController.swift; sourceTree = "<group>"; };
		63856FCD2BBEB01500969D07 /* CustomTabBar.swift */ = {isa = PBXFileReference; lastKnownFileType = sourcecode.swift; path = CustomTabBar.swift; sourceTree = "<group>"; };
		63856FD22BBEDA7800969D07 /* BagViewController.swift */ = {isa = PBXFileReference; lastKnownFileType = sourcecode.swift; path = BagViewController.swift; sourceTree = "<group>"; };
		63856FD52BBEDAD100969D07 /* ProfileViewController.swift */ = {isa = PBXFileReference; lastKnownFileType = sourcecode.swift; path = ProfileViewController.swift; sourceTree = "<group>"; };
		63856FD82BBEDD7500969D07 /* CompassViewController.swift */ = {isa = PBXFileReference; lastKnownFileType = sourcecode.swift; path = CompassViewController.swift; sourceTree = "<group>"; };
		63856FE62BBFBAA600969D07 /* DetailslViewController.swift */ = {isa = PBXFileReference; lastKnownFileType = sourcecode.swift; path = DetailslViewController.swift; sourceTree = "<group>"; };
		63856FEE2BC1346C00969D07 /* MainViewController.swift */ = {isa = PBXFileReference; lastKnownFileType = sourcecode.swift; path = MainViewController.swift; sourceTree = "<group>"; };
		AA6166D4BC430CBA71DD3CB3 /* Pods-ShopApp.release.xcconfig */ = {isa = PBXFileReference; includeInIndex = 1; lastKnownFileType = text.xcconfig; name = "Pods-ShopApp.release.xcconfig"; path = "Target Support Files/Pods-ShopApp/Pods-ShopApp.release.xcconfig"; sourceTree = "<group>"; };
		E17B8A7A4C542500B968525D /* Pods-ShopApp.debug.xcconfig */ = {isa = PBXFileReference; includeInIndex = 1; lastKnownFileType = text.xcconfig; name = "Pods-ShopApp.debug.xcconfig"; path = "Target Support Files/Pods-ShopApp/Pods-ShopApp.debug.xcconfig"; sourceTree = "<group>"; };
		F347D84B91EB79F4A594DE0B /* Pods_ShopApp.framework */ = {isa = PBXFileReference; explicitFileType = wrapper.framework; includeInIndex = 0; path = Pods_ShopApp.framework; sourceTree = BUILT_PRODUCTS_DIR; };
/* End PBXFileReference section */

/* Begin PBXFrameworksBuildPhase section */
		63856F882BBD2F9800969D07 /* Frameworks */ = {
			isa = PBXFrameworksBuildPhase;
			buildActionMask = 2147483647;
			files = (
				50EEDEFDCFB1E190053541C2 /* Pods_ShopApp.framework in Frameworks */,
			);
			runOnlyForDeploymentPostprocessing = 0;
		};
/* End PBXFrameworksBuildPhase section */

/* Begin PBXGroup section */
		503BC32A52A7A5869169D268 /* Pods */ = {
			isa = PBXGroup;
			children = (
				E17B8A7A4C542500B968525D /* Pods-ShopApp.debug.xcconfig */,
				AA6166D4BC430CBA71DD3CB3 /* Pods-ShopApp.release.xcconfig */,
			);
			path = Pods;
			sourceTree = "<group>";
		};
		5FD3C4E2FDC707BA58A55594 /* Frameworks */ = {
			isa = PBXGroup;
			children = (
				F347D84B91EB79F4A594DE0B /* Pods_ShopApp.framework */,
			);
			name = Frameworks;
			sourceTree = "<group>";
		};
		635795972BCE79A40087DC5B /* Email */ = {
			isa = PBXGroup;
			children = (
				635795982BCE79C50087DC5B /* EmailViewController.swift */,
				6357959A2BCE79E60087DC5B /* EmailView.swift */,
			);
			path = Email;
			sourceTree = "<group>";
		};
		635795AE2BD24B2B0087DC5B /* Header */ = {
			isa = PBXGroup;
			children = (
				635795AC2BD13F780087DC5B /* HeaderSupplementaryView.swift */,
			);
			path = Header;
			sourceTree = "<group>";
		};
		6359AE832BC15E6E00BAAFBE /* DetailsAboutTable */ = {
			isa = PBXGroup;
			children = (
				63856FE62BBFBAA600969D07 /* DetailslViewController.swift */,
				6359AE8F2BC3AF4C00BAAFBE /* DetailsView.swift */,
			);
			path = DetailsAboutTable;
			sourceTree = "<group>";
		};
		6359AE842BC1782300BAAFBE /* TabBar */ = {
			isa = PBXGroup;
			children = (
				63856FCB2BBEAFD400969D07 /* CustomTabBarController.swift */,
				63856FCD2BBEB01500969D07 /* CustomTabBar.swift */,
				63856FC82BBEADC300969D07 /* PlusButton.swift */,
			);
			path = TabBar;
			sourceTree = "<group>";
		};
		6359AE9B2BC9025C00BAAFBE /* Services */ = {
			isa = PBXGroup;
			children = (
				6359AE932BC3E0A700BAAFBE /* NetworkLayer.swift */,
				6359AE9C2BC902C400BAAFBE /* AuthService.swift */,
			);
			path = Services;
			sourceTree = "<group>";
		};
		6359AE9E2BC92CCF00BAAFBE /* SMSCode */ = {
			isa = PBXGroup;
			children = (
				6359AE9F2BC92CF100BAAFBE /* SMSCodeViewController.swift */,
			);
			path = SMSCode;
			sourceTree = "<group>";
		};
		6359AEA82BCA7FE500BAAFBE /* Splash */ = {
			isa = PBXGroup;
			children = (
				6359AEA92BCA801400BAAFBE /* SplashViewController.swift */,
			);
			path = Splash;
			sourceTree = "<group>";
		};
		6359AEAB2BCAA92E00BAAFBE /* SignIn */ = {
			isa = PBXGroup;
			children = (
				6359AEAC2BCAAC3800BAAFBE /* SignInViewController.swift */,
				6359AEAE2BCAACF700BAAFBE /* SignInView.swift */,
			);
			path = SignIn;
			sourceTree = "<group>";
		};
		63856F822BBD2F9800969D07 = {
			isa = PBXGroup;
			children = (
				63856F8D2BBD2F9800969D07 /* ShopApp */,
				63856F8C2BBD2F9800969D07 /* Products */,
				503BC32A52A7A5869169D268 /* Pods */,
				5FD3C4E2FDC707BA58A55594 /* Frameworks */,
			);
			sourceTree = "<group>";
		};
		63856F8C2BBD2F9800969D07 /* Products */ = {
			isa = PBXGroup;
			children = (
				63856F8B2BBD2F9800969D07 /* ShopApp.app */,
			);
			name = Products;
			sourceTree = "<group>";
		};
		63856F8D2BBD2F9800969D07 /* ShopApp */ = {
			isa = PBXGroup;
			children = (
				63856FA32BBD31FE00969D07 /* App */,
				63856FA22BBD31ED00969D07 /* Resources */,
				6359AE9B2BC9025C00BAAFBE /* Services */,
				63856FE92BC12A5C00969D07 /* DTO */,
				63856FA42BBD320B00969D07 /* Modules */,
				635795AE2BD24B2B0087DC5B /* Header */,
				63856FB82BBD378E00969D07 /* Helper */,
				63856F9C2BBD2F9A00969D07 /* Info.plist */,
			);
			path = ShopApp;
			sourceTree = "<group>";
		};
		63856FA22BBD31ED00969D07 /* Resources */ = {
			isa = PBXGroup;
			children = (
				6359AEA32BC92F6800BAAFBE /* GoogleService-Info.plist */,
				63856F992BBD2F9A00969D07 /* LaunchScreen.storyboard */,
				63856F972BBD2F9A00969D07 /* Assets.xcassets */,
			);
			path = Resources;
			sourceTree = "<group>";
		};
		63856FA32BBD31FE00969D07 /* App */ = {
			isa = PBXGroup;
			children = (
				63856F8E2BBD2F9800969D07 /* AppDelegate.swift */,
				63856F902BBD2F9800969D07 /* SceneDelegate.swift */,
			);
			path = App;
			sourceTree = "<group>";
		};
		63856FA42BBD320B00969D07 /* Modules */ = {
			isa = PBXGroup;
			children = (
				6359AEA82BCA7FE500BAAFBE /* Splash */,
				63856FA92BBD34F600969D07 /* Start */,
				63856FAA2BBD351200969D07 /* Phone */,
				6359AEAB2BCAA92E00BAAFBE /* SignIn */,
				635795972BCE79A40087DC5B /* Email */,
				6359AE9E2BC92CCF00BAAFBE /* SMSCode */,
				63856FB12BBD35D300969D07 /* Main */,
				6359AE842BC1782300BAAFBE /* TabBar */,
				6359AE832BC15E6E00BAAFBE /* DetailsAboutTable */,
				63856FD12BBEDA4C00969D07 /* Bag */,
				63856FD72BBEDD4300969D07 /* Compass */,
				63856FD42BBEDAB900969D07 /* Profile */,
			);
			path = Modules;
			sourceTree = "<group>";
		};
		63856FA92BBD34F600969D07 /* Start */ = {
			isa = PBXGroup;
			children = (
				63856F922BBD2F9800969D07 /* StartViewController.swift */,
				6359AE872BC1975A00BAAFBE /* StartView.swift */,
			);
			path = Start;
			sourceTree = "<group>";
		};
		63856FAA2BBD351200969D07 /* Phone */ = {
			isa = PBXGroup;
			children = (
				63856FAB2BBD353000969D07 /* PhoneViewController.swift */,
				63856FAF2BBD357A00969D07 /* PhoneView.swift */,
			);
			path = Phone;
			sourceTree = "<group>";
		};
		63856FB12BBD35D300969D07 /* Main */ = {
			isa = PBXGroup;
			children = (
				63856FEE2BC1346C00969D07 /* MainViewController.swift */,
				63856FC52BBE719200969D07 /* CustomCollectionViewCell.swift */,
				63856FC32BBD6BDD00969D07 /* CustomTableViewCell.swift */,
			);
			path = Main;
			sourceTree = "<group>";
		};
		63856FB82BBD378E00969D07 /* Helper */ = {
			isa = PBXGroup;
			children = (
				63856FB92BBD37AA00969D07 /* CustomUIColor.swift */,
				6359AE992BC8F12400BAAFBE /* ImageDownloader.swift */,
			);
			path = Helper;
			sourceTree = "<group>";
		};
		63856FD12BBEDA4C00969D07 /* Bag */ = {
			isa = PBXGroup;
			children = (
				63856FD22BBEDA7800969D07 /* BagViewController.swift */,
			);
			path = Bag;
			sourceTree = "<group>";
		};
		63856FD42BBEDAB900969D07 /* Profile */ = {
			isa = PBXGroup;
			children = (
				63856FD52BBEDAD100969D07 /* ProfileViewController.swift */,
				6357959E2BD127E30087DC5B /* ListSection.swift */,
				635795A22BD12A9B0087DC5B /* MockData.swift */,
				635795A42BD131640087DC5B /* RecordCollectionViewCell.swift */,
				635795A62BD1317E0087DC5B /* SettingsCollectionViewCell.swift */,
				635795A82BD131940087DC5B /* InfoCollectionViewCell.swift */,
			);
			path = Profile;
			sourceTree = "<group>";
		};
		63856FD72BBEDD4300969D07 /* Compass */ = {
			isa = PBXGroup;
			children = (
				63856FD82BBEDD7500969D07 /* CompassViewController.swift */,
			);
			path = Compass;
			sourceTree = "<group>";
		};
		63856FE92BC12A5C00969D07 /* DTO */ = {
			isa = PBXGroup;
			children = (
				6359AE912BC3DF7F00BAAFBE /* Constants.swift */,
				6359AE952BC3E0F400BAAFBE /* Products.swift */,
			);
			path = DTO;
			sourceTree = "<group>";
		};
/* End PBXGroup section */

/* Begin PBXNativeTarget section */
		63856F8A2BBD2F9800969D07 /* ShopApp */ = {
			isa = PBXNativeTarget;
			buildConfigurationList = 63856F9F2BBD2F9A00969D07 /* Build configuration list for PBXNativeTarget "ShopApp" */;
			buildPhases = (
				870C2EEF20E4DA5E2880132C /* [CP] Check Pods Manifest.lock */,
				63856F872BBD2F9800969D07 /* Sources */,
				63856F882BBD2F9800969D07 /* Frameworks */,
				63856F892BBD2F9800969D07 /* Resources */,
				C2614A41D9CD8A674E361C7F /* [CP] Embed Pods Frameworks */,
			);
			buildRules = (
			);
			dependencies = (
			);
			name = ShopApp;
			productName = ShopApp;
			productReference = 63856F8B2BBD2F9800969D07 /* ShopApp.app */;
			productType = "com.apple.product-type.application";
		};
/* End PBXNativeTarget section */

/* Begin PBXProject section */
		63856F832BBD2F9800969D07 /* Project object */ = {
			isa = PBXProject;
			attributes = {
				BuildIndependentTargetsInParallel = 1;
				LastSwiftUpdateCheck = 1510;
				LastUpgradeCheck = 1510;
				TargetAttributes = {
					63856F8A2BBD2F9800969D07 = {
						CreatedOnToolsVersion = 15.1;
					};
				};
			};
			buildConfigurationList = 63856F862BBD2F9800969D07 /* Build configuration list for PBXProject "ShopApp" */;
			compatibilityVersion = "Xcode 14.0";
			developmentRegion = en;
			hasScannedForEncodings = 0;
			knownRegions = (
				en,
				Base,
			);
			mainGroup = 63856F822BBD2F9800969D07;
			productRefGroup = 63856F8C2BBD2F9800969D07 /* Products */;
			projectDirPath = "";
			projectRoot = "";
			targets = (
				63856F8A2BBD2F9800969D07 /* ShopApp */,
			);
		};
/* End PBXProject section */

/* Begin PBXResourcesBuildPhase section */
		63856F892BBD2F9800969D07 /* Resources */ = {
			isa = PBXResourcesBuildPhase;
			buildActionMask = 2147483647;
			files = (
				63856F9B2BBD2F9A00969D07 /* LaunchScreen.storyboard in Resources */,
				6359AEA42BC92F6900BAAFBE /* GoogleService-Info.plist in Resources */,
				63856F982BBD2F9A00969D07 /* Assets.xcassets in Resources */,
			);
			runOnlyForDeploymentPostprocessing = 0;
		};
/* End PBXResourcesBuildPhase section */

/* Begin PBXShellScriptBuildPhase section */
		870C2EEF20E4DA5E2880132C /* [CP] Check Pods Manifest.lock */ = {
			isa = PBXShellScriptBuildPhase;
			buildActionMask = 2147483647;
			files = (
			);
			inputFileListPaths = (
			);
			inputPaths = (
				"${PODS_PODFILE_DIR_PATH}/Podfile.lock",
				"${PODS_ROOT}/Manifest.lock",
			);
			name = "[CP] Check Pods Manifest.lock";
			outputFileListPaths = (
			);
			outputPaths = (
				"$(DERIVED_FILE_DIR)/Pods-ShopApp-checkManifestLockResult.txt",
			);
			runOnlyForDeploymentPostprocessing = 0;
			shellPath = /bin/sh;
			shellScript = "diff \"${PODS_PODFILE_DIR_PATH}/Podfile.lock\" \"${PODS_ROOT}/Manifest.lock\" > /dev/null\nif [ $? != 0 ] ; then\n    # print error to STDERR\n    echo \"error: The sandbox is not in sync with the Podfile.lock. Run 'pod install' or update your CocoaPods installation.\" >&2\n    exit 1\nfi\n# This output is used by Xcode 'outputs' to avoid re-running this script phase.\necho \"SUCCESS\" > \"${SCRIPT_OUTPUT_FILE_0}\"\n";
			showEnvVarsInLog = 0;
		};
		C2614A41D9CD8A674E361C7F /* [CP] Embed Pods Frameworks */ = {
			isa = PBXShellScriptBuildPhase;
			buildActionMask = 2147483647;
			files = (
			);
			inputFileListPaths = (
				"${PODS_ROOT}/Target Support Files/Pods-ShopApp/Pods-ShopApp-frameworks-${CONFIGURATION}-input-files.xcfilelist",
			);
			name = "[CP] Embed Pods Frameworks";
			outputFileListPaths = (
				"${PODS_ROOT}/Target Support Files/Pods-ShopApp/Pods-ShopApp-frameworks-${CONFIGURATION}-output-files.xcfilelist",
			);
			runOnlyForDeploymentPostprocessing = 0;
			shellPath = /bin/sh;
			shellScript = "\"${PODS_ROOT}/Target Support Files/Pods-ShopApp/Pods-ShopApp-frameworks.sh\"\n";
			showEnvVarsInLog = 0;
		};
/* End PBXShellScriptBuildPhase section */

/* Begin PBXSourcesBuildPhase section */
		63856F872BBD2F9800969D07 /* Sources */ = {
			isa = PBXSourcesBuildPhase;
			buildActionMask = 2147483647;
			files = (
				63856FD62BBEDAD100969D07 /* ProfileViewController.swift in Sources */,
				635795A52BD131640087DC5B /* RecordCollectionViewCell.swift in Sources */,
				6359AE9D2BC902C400BAAFBE /* AuthService.swift in Sources */,
				6359AEA02BC92CF100BAAFBE /* SMSCodeViewController.swift in Sources */,
				6359AE922BC3DF7F00BAAFBE /* Constants.swift in Sources */,
				63856FD32BBEDA7800969D07 /* BagViewController.swift in Sources */,
				635795A92BD131940087DC5B /* InfoCollectionViewCell.swift in Sources */,
				6359AE9A2BC8F12400BAAFBE /* ImageDownloader.swift in Sources */,
				63856FE72BBFBAA600969D07 /* DetailslViewController.swift in Sources */,
				6359AE882BC1975A00BAAFBE /* StartView.swift in Sources */,
				63856FC62BBE719200969D07 /* CustomCollectionViewCell.swift in Sources */,
				6359AEAA2BCA801400BAAFBE /* SplashViewController.swift in Sources */,
				63856F932BBD2F9800969D07 /* StartViewController.swift in Sources */,
				63856FEF2BC1346C00969D07 /* MainViewController.swift in Sources */,
				63856FCE2BBEB01500969D07 /* CustomTabBar.swift in Sources */,
				6359AE902BC3AF4C00BAAFBE /* DetailsView.swift in Sources */,
				63856FAC2BBD353000969D07 /* PhoneViewController.swift in Sources */,
				63856F8F2BBD2F9800969D07 /* AppDelegate.swift in Sources */,
				635795992BCE79C50087DC5B /* EmailViewController.swift in Sources */,
				6359AE942BC3E0A700BAAFBE /* NetworkLayer.swift in Sources */,
				63856FC42BBD6BDD00969D07 /* CustomTableViewCell.swift in Sources */,
				6359AEAF2BCAACF700BAAFBE /* SignInView.swift in Sources */,
				635795AD2BD13F780087DC5B /* HeaderSupplementaryView.swift in Sources */,
				6359AEAD2BCAAC3800BAAFBE /* SignInViewController.swift in Sources */,
				63856F912BBD2F9800969D07 /* SceneDelegate.swift in Sources */,
				63856FC92BBEADC300969D07 /* PlusButton.swift in Sources */,
				63856FCC2BBEAFD400969D07 /* CustomTabBarController.swift in Sources */,
				63856FB02BBD357A00969D07 /* PhoneView.swift in Sources */,
				63856FBA2BBD37AA00969D07 /* CustomUIColor.swift in Sources */,
				6359AE962BC3E0F400BAAFBE /* Products.swift in Sources */,
				6357959F2BD127E30087DC5B /* ListSection.swift in Sources */,
				63856FD92BBEDD7500969D07 /* CompassViewController.swift in Sources */,
				635795A72BD1317E0087DC5B /* SettingsCollectionViewCell.swift in Sources */,
				635795A32BD12A9B0087DC5B /* MockData.swift in Sources */,
				6357959B2BCE79E60087DC5B /* EmailView.swift in Sources */,
			);
			runOnlyForDeploymentPostprocessing = 0;
		};
/* End PBXSourcesBuildPhase section */

/* Begin PBXVariantGroup section */
		63856F992BBD2F9A00969D07 /* LaunchScreen.storyboard */ = {
			isa = PBXVariantGroup;
			children = (
				63856F9A2BBD2F9A00969D07 /* Base */,
			);
			name = LaunchScreen.storyboard;
			sourceTree = "<group>";
		};
/* End PBXVariantGroup section */

/* Begin XCBuildConfiguration section */
		63856F9D2BBD2F9A00969D07 /* Debug */ = {
			isa = XCBuildConfiguration;
			buildSettings = {
				ALWAYS_SEARCH_USER_PATHS = NO;
				ASSETCATALOG_COMPILER_GENERATE_SWIFT_ASSET_SYMBOL_EXTENSIONS = YES;
				CLANG_ANALYZER_NONNULL = YES;
				CLANG_ANALYZER_NUMBER_OBJECT_CONVERSION = YES_AGGRESSIVE;
				CLANG_CXX_LANGUAGE_STANDARD = "gnu++20";
				CLANG_ENABLE_MODULES = YES;
				CLANG_ENABLE_OBJC_ARC = YES;
				CLANG_ENABLE_OBJC_WEAK = YES;
				CLANG_WARN_BLOCK_CAPTURE_AUTORELEASING = YES;
				CLANG_WARN_BOOL_CONVERSION = YES;
				CLANG_WARN_COMMA = YES;
				CLANG_WARN_CONSTANT_CONVERSION = YES;
				CLANG_WARN_DEPRECATED_OBJC_IMPLEMENTATIONS = YES;
				CLANG_WARN_DIRECT_OBJC_ISA_USAGE = YES_ERROR;
				CLANG_WARN_DOCUMENTATION_COMMENTS = YES;
				CLANG_WARN_EMPTY_BODY = YES;
				CLANG_WARN_ENUM_CONVERSION = YES;
				CLANG_WARN_INFINITE_RECURSION = YES;
				CLANG_WARN_INT_CONVERSION = YES;
				CLANG_WARN_NON_LITERAL_NULL_CONVERSION = YES;
				CLANG_WARN_OBJC_IMPLICIT_RETAIN_SELF = YES;
				CLANG_WARN_OBJC_LITERAL_CONVERSION = YES;
				CLANG_WARN_OBJC_ROOT_CLASS = YES_ERROR;
				CLANG_WARN_QUOTED_INCLUDE_IN_FRAMEWORK_HEADER = YES;
				CLANG_WARN_RANGE_LOOP_ANALYSIS = YES;
				CLANG_WARN_STRICT_PROTOTYPES = YES;
				CLANG_WARN_SUSPICIOUS_MOVE = YES;
				CLANG_WARN_UNGUARDED_AVAILABILITY = YES_AGGRESSIVE;
				CLANG_WARN_UNREACHABLE_CODE = YES;
				CLANG_WARN__DUPLICATE_METHOD_MATCH = YES;
				COPY_PHASE_STRIP = NO;
				DEBUG_INFORMATION_FORMAT = dwarf;
				ENABLE_STRICT_OBJC_MSGSEND = YES;
				ENABLE_TESTABILITY = YES;
				ENABLE_USER_SCRIPT_SANDBOXING = YES;
				GCC_C_LANGUAGE_STANDARD = gnu17;
				GCC_DYNAMIC_NO_PIC = NO;
				GCC_NO_COMMON_BLOCKS = YES;
				GCC_OPTIMIZATION_LEVEL = 0;
				GCC_PREPROCESSOR_DEFINITIONS = (
					"DEBUG=1",
					"$(inherited)",
				);
				GCC_WARN_64_TO_32_BIT_CONVERSION = YES;
				GCC_WARN_ABOUT_RETURN_TYPE = YES_ERROR;
				GCC_WARN_UNDECLARED_SELECTOR = YES;
				GCC_WARN_UNINITIALIZED_AUTOS = YES_AGGRESSIVE;
				GCC_WARN_UNUSED_FUNCTION = YES;
				GCC_WARN_UNUSED_VARIABLE = YES;
				IPHONEOS_DEPLOYMENT_TARGET = 17.2;
				LOCALIZATION_PREFERS_STRING_CATALOGS = YES;
				MTL_ENABLE_DEBUG_INFO = INCLUDE_SOURCE;
				MTL_FAST_MATH = YES;
				ONLY_ACTIVE_ARCH = YES;
				SDKROOT = iphoneos;
				SWIFT_ACTIVE_COMPILATION_CONDITIONS = "DEBUG $(inherited)";
				SWIFT_OPTIMIZATION_LEVEL = "-Onone";
			};
			name = Debug;
		};
		63856F9E2BBD2F9A00969D07 /* Release */ = {
			isa = XCBuildConfiguration;
			buildSettings = {
				ALWAYS_SEARCH_USER_PATHS = NO;
				ASSETCATALOG_COMPILER_GENERATE_SWIFT_ASSET_SYMBOL_EXTENSIONS = YES;
				CLANG_ANALYZER_NONNULL = YES;
				CLANG_ANALYZER_NUMBER_OBJECT_CONVERSION = YES_AGGRESSIVE;
				CLANG_CXX_LANGUAGE_STANDARD = "gnu++20";
				CLANG_ENABLE_MODULES = YES;
				CLANG_ENABLE_OBJC_ARC = YES;
				CLANG_ENABLE_OBJC_WEAK = YES;
				CLANG_WARN_BLOCK_CAPTURE_AUTORELEASING = YES;
				CLANG_WARN_BOOL_CONVERSION = YES;
				CLANG_WARN_COMMA = YES;
				CLANG_WARN_CONSTANT_CONVERSION = YES;
				CLANG_WARN_DEPRECATED_OBJC_IMPLEMENTATIONS = YES;
				CLANG_WARN_DIRECT_OBJC_ISA_USAGE = YES_ERROR;
				CLANG_WARN_DOCUMENTATION_COMMENTS = YES;
				CLANG_WARN_EMPTY_BODY = YES;
				CLANG_WARN_ENUM_CONVERSION = YES;
				CLANG_WARN_INFINITE_RECURSION = YES;
				CLANG_WARN_INT_CONVERSION = YES;
				CLANG_WARN_NON_LITERAL_NULL_CONVERSION = YES;
				CLANG_WARN_OBJC_IMPLICIT_RETAIN_SELF = YES;
				CLANG_WARN_OBJC_LITERAL_CONVERSION = YES;
				CLANG_WARN_OBJC_ROOT_CLASS = YES_ERROR;
				CLANG_WARN_QUOTED_INCLUDE_IN_FRAMEWORK_HEADER = YES;
				CLANG_WARN_RANGE_LOOP_ANALYSIS = YES;
				CLANG_WARN_STRICT_PROTOTYPES = YES;
				CLANG_WARN_SUSPICIOUS_MOVE = YES;
				CLANG_WARN_UNGUARDED_AVAILABILITY = YES_AGGRESSIVE;
				CLANG_WARN_UNREACHABLE_CODE = YES;
				CLANG_WARN__DUPLICATE_METHOD_MATCH = YES;
				COPY_PHASE_STRIP = NO;
				DEBUG_INFORMATION_FORMAT = "dwarf-with-dsym";
				ENABLE_NS_ASSERTIONS = NO;
				ENABLE_STRICT_OBJC_MSGSEND = YES;
				ENABLE_USER_SCRIPT_SANDBOXING = YES;
				GCC_C_LANGUAGE_STANDARD = gnu17;
				GCC_NO_COMMON_BLOCKS = YES;
				GCC_WARN_64_TO_32_BIT_CONVERSION = YES;
				GCC_WARN_ABOUT_RETURN_TYPE = YES_ERROR;
				GCC_WARN_UNDECLARED_SELECTOR = YES;
				GCC_WARN_UNINITIALIZED_AUTOS = YES_AGGRESSIVE;
				GCC_WARN_UNUSED_FUNCTION = YES;
				GCC_WARN_UNUSED_VARIABLE = YES;
				IPHONEOS_DEPLOYMENT_TARGET = 17.2;
				LOCALIZATION_PREFERS_STRING_CATALOGS = YES;
				MTL_ENABLE_DEBUG_INFO = NO;
				MTL_FAST_MATH = YES;
				SDKROOT = iphoneos;
				SWIFT_COMPILATION_MODE = wholemodule;
				VALIDATE_PRODUCT = YES;
			};
			name = Release;
		};
		63856FA02BBD2F9A00969D07 /* Debug */ = {
			isa = XCBuildConfiguration;
			baseConfigurationReference = E17B8A7A4C542500B968525D /* Pods-ShopApp.debug.xcconfig */;
			buildSettings = {
				ASSETCATALOG_COMPILER_APPICON_NAME = AppIcon;
				ASSETCATALOG_COMPILER_GLOBAL_ACCENT_COLOR_NAME = AccentColor;
				CODE_SIGN_STYLE = Automatic;
				CURRENT_PROJECT_VERSION = 1;
				ENABLE_USER_SCRIPT_SANDBOXING = NO;
				GENERATE_INFOPLIST_FILE = YES;
				INFOPLIST_FILE = ShopApp/Info.plist;
				INFOPLIST_KEY_UIApplicationSupportsIndirectInputEvents = YES;
				INFOPLIST_KEY_UILaunchStoryboardName = LaunchScreen;
				INFOPLIST_KEY_UISupportedInterfaceOrientations_iPad = "UIInterfaceOrientationPortrait UIInterfaceOrientationPortraitUpsideDown UIInterfaceOrientationLandscapeLeft UIInterfaceOrientationLandscapeRight";
				INFOPLIST_KEY_UISupportedInterfaceOrientations_iPhone = "UIInterfaceOrientationPortrait UIInterfaceOrientationLandscapeLeft UIInterfaceOrientationLandscapeRight";
				LD_RUNPATH_SEARCH_PATHS = (
					"$(inherited)",
					"@executable_path/Frameworks",
				);
				MARKETING_VERSION = 1.0;
				PRODUCT_BUNDLE_IDENTIFIER = HW1.ShopApp;
				PRODUCT_NAME = "$(TARGET_NAME)";
				SWIFT_EMIT_LOC_STRINGS = YES;
				SWIFT_VERSION = 5.0;
				TARGETED_DEVICE_FAMILY = "1,2";
			};
			name = Debug;
		};
		63856FA12BBD2F9A00969D07 /* Release */ = {
			isa = XCBuildConfiguration;
			baseConfigurationReference = AA6166D4BC430CBA71DD3CB3 /* Pods-ShopApp.release.xcconfig */;
			buildSettings = {
				ASSETCATALOG_COMPILER_APPICON_NAME = AppIcon;
				ASSETCATALOG_COMPILER_GLOBAL_ACCENT_COLOR_NAME = AccentColor;
				CODE_SIGN_STYLE = Automatic;
				CURRENT_PROJECT_VERSION = 1;
				ENABLE_USER_SCRIPT_SANDBOXING = NO;
				GENERATE_INFOPLIST_FILE = YES;
				INFOPLIST_FILE = ShopApp/Info.plist;
				INFOPLIST_KEY_UIApplicationSupportsIndirectInputEvents = YES;
				INFOPLIST_KEY_UILaunchStoryboardName = LaunchScreen;
				INFOPLIST_KEY_UISupportedInterfaceOrientations_iPad = "UIInterfaceOrientationPortrait UIInterfaceOrientationPortraitUpsideDown UIInterfaceOrientationLandscapeLeft UIInterfaceOrientationLandscapeRight";
				INFOPLIST_KEY_UISupportedInterfaceOrientations_iPhone = "UIInterfaceOrientationPortrait UIInterfaceOrientationLandscapeLeft UIInterfaceOrientationLandscapeRight";
				LD_RUNPATH_SEARCH_PATHS = (
					"$(inherited)",
					"@executable_path/Frameworks",
				);
				MARKETING_VERSION = 1.0;
				PRODUCT_BUNDLE_IDENTIFIER = HW1.ShopApp;
				PRODUCT_NAME = "$(TARGET_NAME)";
				SWIFT_EMIT_LOC_STRINGS = YES;
				SWIFT_VERSION = 5.0;
				TARGETED_DEVICE_FAMILY = "1,2";
			};
			name = Release;
		};
/* End XCBuildConfiguration section */

/* Begin XCConfigurationList section */
		63856F862BBD2F9800969D07 /* Build configuration list for PBXProject "ShopApp" */ = {
			isa = XCConfigurationList;
			buildConfigurations = (
				63856F9D2BBD2F9A00969D07 /* Debug */,
				63856F9E2BBD2F9A00969D07 /* Release */,
			);
			defaultConfigurationIsVisible = 0;
			defaultConfigurationName = Release;
		};
		63856F9F2BBD2F9A00969D07 /* Build configuration list for PBXNativeTarget "ShopApp" */ = {
			isa = XCConfigurationList;
			buildConfigurations = (
				63856FA02BBD2F9A00969D07 /* Debug */,
				63856FA12BBD2F9A00969D07 /* Release */,
			);
			defaultConfigurationIsVisible = 0;
			defaultConfigurationName = Release;
		};
/* End XCConfigurationList section */
	};
	rootObject = 63856F832BBD2F9800969D07 /* Project object */;
}
